// !$*UTF8*$!
{
	archiveVersion = 1;
	classes = {
	};
	objectVersion = 50;
	objects = {

/* Begin PBXBuildFile section */
		18CADED322F326E900BFBAC2 /* DesignatedAttractions.swift in Sources */ = {isa = PBXBuildFile; fileRef = 18CADED222F326E900BFBAC2 /* DesignatedAttractions.swift */; };
		18CADED522F3275300BFBAC2 /* SampleData.swift in Sources */ = {isa = PBXBuildFile; fileRef = 18CADED422F3275300BFBAC2 /* SampleData.swift */; };
		18CADED922F330CA00BFBAC2 /* DesignatedAttractionsUhViewController.swift in Sources */ = {isa = PBXBuildFile; fileRef = 18CADED822F330CA00BFBAC2 /* DesignatedAttractionsUhViewController.swift */; };
		18D9A6C722F22BCF0083F5DA /* AppDelegate.swift in Sources */ = {isa = PBXBuildFile; fileRef = 18D9A6C622F22BCF0083F5DA /* AppDelegate.swift */; };
		18D9A6C922F22BCF0083F5DA /* ViewController.swift in Sources */ = {isa = PBXBuildFile; fileRef = 18D9A6C822F22BCF0083F5DA /* ViewController.swift */; };
		18D9A6CC22F22BCF0083F5DA /* Main.storyboard in Resources */ = {isa = PBXBuildFile; fileRef = 18D9A6CA22F22BCF0083F5DA /* Main.storyboard */; };
		18D9A6CF22F22BCF0083F5DA /* ExplorationEZ.xcdatamodeld in Sources */ = {isa = PBXBuildFile; fileRef = 18D9A6CD22F22BCF0083F5DA /* ExplorationEZ.xcdatamodeld */; };
		18D9A6D122F22BD00083F5DA /* Assets.xcassets in Resources */ = {isa = PBXBuildFile; fileRef = 18D9A6D022F22BD00083F5DA /* Assets.xcassets */; };
		18D9A6D422F22BD00083F5DA /* LaunchScreen.storyboard in Resources */ = {isa = PBXBuildFile; fileRef = 18D9A6D222F22BD00083F5DA /* LaunchScreen.storyboard */; };
		18D9A6DC22F22DC30083F5DA /* OverviewViewController.swift in Sources */ = {isa = PBXBuildFile; fileRef = 18D9A6DB22F22DC30083F5DA /* OverviewViewController.swift */; };
		18D9A6DE22F22DE60083F5DA /* PackingListViewController.swift in Sources */ = {isa = PBXBuildFile; fileRef = 18D9A6DD22F22DE60083F5DA /* PackingListViewController.swift */; };
/* End PBXBuildFile section */

/* Begin PBXFileReference section */
		18CADED222F326E900BFBAC2 /* DesignatedAttractions.swift */ = {isa = PBXFileReference; lastKnownFileType = sourcecode.swift; path = DesignatedAttractions.swift; sourceTree = "<group>"; };
		18CADED422F3275300BFBAC2 /* SampleData.swift */ = {isa = PBXFileReference; lastKnownFileType = sourcecode.swift; path = SampleData.swift; sourceTree = "<group>"; };
		18CADED822F330CA00BFBAC2 /* DesignatedAttractionsUhViewController.swift */ = {isa = PBXFileReference; lastKnownFileType = sourcecode.swift; path = DesignatedAttractionsUhViewController.swift; sourceTree = "<group>"; };
		18D9A6C322F22BCF0083F5DA /* ExplorationEZ.app */ = {isa = PBXFileReference; explicitFileType = wrapper.application; includeInIndex = 0; path = ExplorationEZ.app; sourceTree = BUILT_PRODUCTS_DIR; };
		18D9A6C622F22BCF0083F5DA /* AppDelegate.swift */ = {isa = PBXFileReference; lastKnownFileType = sourcecode.swift; path = AppDelegate.swift; sourceTree = "<group>"; };
		18D9A6C822F22BCF0083F5DA /* ViewController.swift */ = {isa = PBXFileReference; lastKnownFileType = sourcecode.swift; path = ViewController.swift; sourceTree = "<group>"; };
		18D9A6CB22F22BCF0083F5DA /* Base */ = {isa = PBXFileReference; lastKnownFileType = file.storyboard; name = Base; path = Base.lproj/Main.storyboard; sourceTree = "<group>"; };
		18D9A6CE22F22BCF0083F5DA /* ExplorationEZ.xcdatamodel */ = {isa = PBXFileReference; lastKnownFileType = wrapper.xcdatamodel; path = ExplorationEZ.xcdatamodel; sourceTree = "<group>"; };
		18D9A6D022F22BD00083F5DA /* Assets.xcassets */ = {isa = PBXFileReference; lastKnownFileType = folder.assetcatalog; path = Assets.xcassets; sourceTree = "<group>"; };
		18D9A6D322F22BD00083F5DA /* Base */ = {isa = PBXFileReference; lastKnownFileType = file.storyboard; name = Base; path = Base.lproj/LaunchScreen.storyboard; sourceTree = "<group>"; };
		18D9A6D522F22BD00083F5DA /* Info.plist */ = {isa = PBXFileReference; lastKnownFileType = text.plist.xml; path = Info.plist; sourceTree = "<group>"; };
		18D9A6DB22F22DC30083F5DA /* OverviewViewController.swift */ = {isa = PBXFileReference; lastKnownFileType = sourcecode.swift; path = OverviewViewController.swift; sourceTree = "<group>"; };
		18D9A6DD22F22DE60083F5DA /* PackingListViewController.swift */ = {isa = PBXFileReference; lastKnownFileType = sourcecode.swift; path = PackingListViewController.swift; sourceTree = "<group>"; };
/* End PBXFileReference section */

/* Begin PBXFrameworksBuildPhase section */
		18D9A6C022F22BCF0083F5DA /* Frameworks */ = {
			isa = PBXFrameworksBuildPhase;
			buildActionMask = 2147483647;
			files = (
			);
			runOnlyForDeploymentPostprocessing = 0;
		};
/* End PBXFrameworksBuildPhase section */

/* Begin PBXGroup section */
		18D9A6BA22F22BCF0083F5DA = {
			isa = PBXGroup;
			children = (
				18D9A6C522F22BCF0083F5DA /* ExplorationEZ */,
				18D9A6C422F22BCF0083F5DA /* Products */,
			);
			sourceTree = "<group>";
		};
		18D9A6C422F22BCF0083F5DA /* Products */ = {
			isa = PBXGroup;
			children = (
				18D9A6C322F22BCF0083F5DA /* ExplorationEZ.app */,
			);
			name = Products;
			sourceTree = "<group>";
		};
		18D9A6C522F22BCF0083F5DA /* ExplorationEZ */ = {
			isa = PBXGroup;
			children = (
				18D9A6C622F22BCF0083F5DA /* AppDelegate.swift */,
				18D9A6C822F22BCF0083F5DA /* ViewController.swift */,
				18D9A6CA22F22BCF0083F5DA /* Main.storyboard */,
				18CADED822F330CA00BFBAC2 /* DesignatedAttractionsUhViewController.swift */,
				18D9A6DD22F22DE60083F5DA /* PackingListViewController.swift */,
				18D9A6DB22F22DC30083F5DA /* OverviewViewController.swift */,
				18CADED222F326E900BFBAC2 /* DesignatedAttractions.swift */,
				18CADED422F3275300BFBAC2 /* SampleData.swift */,
				18D9A6D022F22BD00083F5DA /* Assets.xcassets */,
				18D9A6D222F22BD00083F5DA /* LaunchScreen.storyboard */,
				18D9A6D522F22BD00083F5DA /* Info.plist */,
				18D9A6CD22F22BCF0083F5DA /* ExplorationEZ.xcdatamodeld */,
			);
			path = ExplorationEZ;
			sourceTree = "<group>";
		};
/* End PBXGroup section */

/* Begin PBXNativeTarget section */
		18D9A6C222F22BCF0083F5DA /* ExplorationEZ */ = {
			isa = PBXNativeTarget;
			buildConfigurationList = 18D9A6D822F22BD00083F5DA /* Build configuration list for PBXNativeTarget "ExplorationEZ" */;
			buildPhases = (
				18D9A6BF22F22BCF0083F5DA /* Sources */,
				18D9A6C022F22BCF0083F5DA /* Frameworks */,
				18D9A6C122F22BCF0083F5DA /* Resources */,
			);
			buildRules = (
			);
			dependencies = (
			);
			name = ExplorationEZ;
			productName = ExplorationEZ;
			productReference = 18D9A6C322F22BCF0083F5DA /* ExplorationEZ.app */;
			productType = "com.apple.product-type.application";
		};
/* End PBXNativeTarget section */

/* Begin PBXProject section */
		18D9A6BB22F22BCF0083F5DA /* Project object */ = {
			isa = PBXProject;
			attributes = {
				LastSwiftUpdateCheck = 1020;
				LastUpgradeCheck = 1020;
				ORGANIZATIONNAME = Apple;
				TargetAttributes = {
					18D9A6C222F22BCF0083F5DA = {
						CreatedOnToolsVersion = 10.2.1;
					};
				};
			};
			buildConfigurationList = 18D9A6BE22F22BCF0083F5DA /* Build configuration list for PBXProject "ExplorationEZ" */;
			compatibilityVersion = "Xcode 9.3";
			developmentRegion = en;
			hasScannedForEncodings = 0;
			knownRegions = (
				en,
				Base,
			);
			mainGroup = 18D9A6BA22F22BCF0083F5DA;
			productRefGroup = 18D9A6C422F22BCF0083F5DA /* Products */;
			projectDirPath = "";
			projectRoot = "";
			targets = (
				18D9A6C222F22BCF0083F5DA /* ExplorationEZ */,
			);
		};
/* End PBXProject section */

/* Begin PBXResourcesBuildPhase section */
		18D9A6C122F22BCF0083F5DA /* Resources */ = {
			isa = PBXResourcesBuildPhase;
			buildActionMask = 2147483647;
			files = (
				18D9A6D422F22BD00083F5DA /* LaunchScreen.storyboard in Resources */,
				18D9A6D122F22BD00083F5DA /* Assets.xcassets in Resources */,
				18D9A6CC22F22BCF0083F5DA /* Main.storyboard in Resources */,
			);
			runOnlyForDeploymentPostprocessing = 0;
		};
/* End PBXResourcesBuildPhase section */

/* Begin PBXSourcesBuildPhase section */
		18D9A6BF22F22BCF0083F5DA /* Sources */ = {
			isa = PBXSourcesBuildPhase;
			buildActionMask = 2147483647;
			files = (
				18D9A6DE22F22DE60083F5DA /* PackingListViewController.swift in Sources */,
				18CADED322F326E900BFBAC2 /* DesignatedAttractions.swift in Sources */,
				18D9A6C922F22BCF0083F5DA /* ViewController.swift in Sources */,
				18D9A6DC22F22DC30083F5DA /* OverviewViewController.swift in Sources */,
				18CADED922F330CA00BFBAC2 /* DesignatedAttractionsUhViewController.swift in Sources */,
				18D9A6C722F22BCF0083F5DA /* AppDelegate.swift in Sources */,
				18D9A6CF22F22BCF0083F5DA /* ExplorationEZ.xcdatamodeld in Sources */,
				18CADED522F3275300BFBAC2 /* SampleData.swift in Sources */,
			);
			runOnlyForDeploymentPostprocessing = 0;
		};
/* End PBXSourcesBuildPhase section */

/* Begin PBXVariantGroup section */
		18D9A6CA22F22BCF0083F5DA /* Main.storyboard */ = {
			isa = PBXVariantGroup;
			children = (
				18D9A6CB22F22BCF0083F5DA /* Base */,
			);
			name = Main.storyboard;
			sourceTree = "<group>";
		};
		18D9A6D222F22BD00083F5DA /* LaunchScreen.storyboard */ = {
			isa = PBXVariantGroup;
			children = (
				18D9A6D322F22BD00083F5DA /* Base */,
			);
			name = LaunchScreen.storyboard;
			sourceTree = "<group>";
		};
/* End PBXVariantGroup section */

/* Begin XCBuildConfiguration section */
		18D9A6D622F22BD00083F5DA /* Debug */ = {
			isa = XCBuildConfiguration;
			buildSettings = {
				ALWAYS_SEARCH_USER_PATHS = NO;
				CLANG_ANALYZER_NONNULL = YES;
				CLANG_ANALYZER_NUMBER_OBJECT_CONVERSION = YES_AGGRESSIVE;
				CLANG_CXX_LANGUAGE_STANDARD = "gnu++14";
				CLANG_CXX_LIBRARY = "libc++";
				CLANG_ENABLE_MODULES = YES;
				CLANG_ENABLE_OBJC_ARC = YES;
				CLANG_ENABLE_OBJC_WEAK = YES;
				CLANG_WARN_BLOCK_CAPTURE_AUTORELEASING = YES;
				CLANG_WARN_BOOL_CONVERSION = YES;
				CLANG_WARN_COMMA = YES;
				CLANG_WARN_CONSTANT_CONVERSION = YES;
				CLANG_WARN_DEPRECATED_OBJC_IMPLEMENTATIONS = YES;
				CLANG_WARN_DIRECT_OBJC_ISA_USAGE = YES_ERROR;
				CLANG_WARN_DOCUMENTATION_COMMENTS = YES;
				CLANG_WARN_EMPTY_BODY = YES;
				CLANG_WARN_ENUM_CONVERSION = YES;
				CLANG_WARN_INFINITE_RECURSION = YES;
				CLANG_WARN_INT_CONVERSION = YES;
				CLANG_WARN_NON_LITERAL_NULL_CONVERSION = YES;
				CLANG_WARN_OBJC_IMPLICIT_RETAIN_SELF = YES;
				CLANG_WARN_OBJC_LITERAL_CONVERSION = YES;
				CLANG_WARN_OBJC_ROOT_CLASS = YES_ERROR;
				CLANG_WARN_RANGE_LOOP_ANALYSIS = YES;
				CLANG_WARN_STRICT_PROTOTYPES = YES;
				CLANG_WARN_SUSPICIOUS_MOVE = YES;
				CLANG_WARN_UNGUARDED_AVAILABILITY = YES_AGGRESSIVE;
				CLANG_WARN_UNREACHABLE_CODE = YES;
				CLANG_WARN__DUPLICATE_METHOD_MATCH = YES;
				CODE_SIGN_IDENTITY = "iPhone Developer";
				COPY_PHASE_STRIP = NO;
				DEBUG_INFORMATION_FORMAT = dwarf;
				ENABLE_STRICT_OBJC_MSGSEND = YES;
				ENABLE_TESTABILITY = YES;
				GCC_C_LANGUAGE_STANDARD = gnu11;
				GCC_DYNAMIC_NO_PIC = NO;
				GCC_NO_COMMON_BLOCKS = YES;
				GCC_OPTIMIZATION_LEVEL = 0;
				GCC_PREPROCESSOR_DEFINITIONS = (
					"DEBUG=1",
					"$(inherited)",
				);
				GCC_WARN_64_TO_32_BIT_CONVERSION = YES;
				GCC_WARN_ABOUT_RETURN_TYPE = YES_ERROR;
				GCC_WARN_UNDECLARED_SELECTOR = YES;
				GCC_WARN_UNINITIALIZED_AUTOS = YES_AGGRESSIVE;
				GCC_WARN_UNUSED_FUNCTION = YES;
				GCC_WARN_UNUSED_VARIABLE = YES;
				IPHONEOS_DEPLOYMENT_TARGET = 12.2;
				MTL_ENABLE_DEBUG_INFO = INCLUDE_SOURCE;
				MTL_FAST_MATH = YES;
				ONLY_ACTIVE_ARCH = YES;
				SDKROOT = iphoneos;
				SWIFT_ACTIVE_COMPILATION_CONDITIONS = DEBUG;
				SWIFT_OPTIMIZATION_LEVEL = "-Onone";
			};
			name = Debug;
		};
		18D9A6D722F22BD00083F5DA /* Release */ = {
			isa = XCBuildConfiguration;
			buildSettings = {
				ALWAYS_SEARCH_USER_PATHS = NO;
				CLANG_ANALYZER_NONNULL = YES;
				CLANG_ANALYZER_NUMBER_OBJECT_CONVERSION = YES_AGGRESSIVE;
				CLANG_CXX_LANGUAGE_STANDARD = "gnu++14";
				CLANG_CXX_LIBRARY = "libc++";
				CLANG_ENABLE_MODULES = YES;
				CLANG_ENABLE_OBJC_ARC = YES;
				CLANG_ENABLE_OBJC_WEAK = YES;
				CLANG_WARN_BLOCK_CAPTURE_AUTORELEASING = YES;
				CLANG_WARN_BOOL_CONVERSION = YES;
				CLANG_WARN_COMMA = YES;
				CLANG_WARN_CONSTANT_CONVERSION = YES;
				CLANG_WARN_DEPRECATED_OBJC_IMPLEMENTATIONS = YES;
				CLANG_WARN_DIRECT_OBJC_ISA_USAGE = YES_ERROR;
				CLANG_WARN_DOCUMENTATION_COMMENTS = YES;
				CLANG_WARN_EMPTY_BODY = YES;
				CLANG_WARN_ENUM_CONVERSION = YES;
				CLANG_WARN_INFINITE_RECURSION = YES;
				CLANG_WARN_INT_CONVERSION = YES;
				CLANG_WARN_NON_LITERAL_NULL_CONVERSION = YES;
				CLANG_WARN_OBJC_IMPLICIT_RETAIN_SELF = YES;
				CLANG_WARN_OBJC_LITERAL_CONVERSION = YES;
				CLANG_WARN_OBJC_ROOT_CLASS = YES_ERROR;
				CLANG_WARN_RANGE_LOOP_ANALYSIS = YES;
				CLANG_WARN_STRICT_PROTOTYPES = YES;
				CLANG_WARN_SUSPICIOUS_MOVE = YES;
				CLANG_WARN_UNGUARDED_AVAILABILITY = YES_AGGRESSIVE;
				CLANG_WARN_UNREACHABLE_CODE = YES;
				CLANG_WARN__DUPLICATE_METHOD_MATCH = YES;
				CODE_SIGN_IDENTITY = "iPhone Developer";
				COPY_PHASE_STRIP = NO;
				DEBUG_INFORMATION_FORMAT = "dwarf-with-dsym";
				ENABLE_NS_ASSERTIONS = NO;
				ENABLE_STRICT_OBJC_MSGSEND = YES;
				GCC_C_LANGUAGE_STANDARD = gnu11;
				GCC_NO_COMMON_BLOCKS = YES;
				GCC_WARN_64_TO_32_BIT_CONVERSION = YES;
				GCC_WARN_ABOUT_RETURN_TYPE = YES_ERROR;
				GCC_WARN_UNDECLARED_SELECTOR = YES;
				GCC_WARN_UNINITIALIZED_AUTOS = YES_AGGRESSIVE;
				GCC_WARN_UNUSED_FUNCTION = YES;
				GCC_WARN_UNUSED_VARIABLE = YES;
				IPHONEOS_DEPLOYMENT_TARGET = 12.2;
				MTL_ENABLE_DEBUG_INFO = NO;
				MTL_FAST_MATH = YES;
				SDKROOT = iphoneos;
				SWIFT_COMPILATION_MODE = wholemodule;
				SWIFT_OPTIMIZATION_LEVEL = "-O";
				VALIDATE_PRODUCT = YES;
			};
			name = Release;
		};
		18D9A6D922F22BD00083F5DA /* Debug */ = {
			isa = XCBuildConfiguration;
			buildSettings = {
				ASSETCATALOG_COMPILER_APPICON_NAME = AppIcon;
				CODE_SIGN_STYLE = Automatic;
				DEVELOPMENT_TEAM = 7LGUPWDQ85;
				INFOPLIST_FILE = ExplorationEZ/Info.plist;
				LD_RUNPATH_SEARCH_PATHS = (
					"$(inherited)",
					"@executable_path/Frameworks",
				);
				PRODUCT_BUNDLE_IDENTIFIER = KWK.ExplorationEZ;
				PRODUCT_NAME = "$(TARGET_NAME)";
				SWIFT_VERSION = 5.0;
				TARGETED_DEVICE_FAMILY = "1,2";
			};
			name = Debug;
		};
		18D9A6DA22F22BD00083F5DA /* Release */ = {
			isa = XCBuildConfiguration;
			buildSettings = {
				ASSETCATALOG_COMPILER_APPICON_NAME = AppIcon;
				CODE_SIGN_STYLE = Automatic;
				DEVELOPMENT_TEAM = 7LGUPWDQ85;
				INFOPLIST_FILE = ExplorationEZ/Info.plist;
				LD_RUNPATH_SEARCH_PATHS = (
					"$(inherited)",
					"@executable_path/Frameworks",
				);
				PRODUCT_BUNDLE_IDENTIFIER = KWK.ExplorationEZ;
				PRODUCT_NAME = "$(TARGET_NAME)";
				SWIFT_VERSION = 5.0;
				TARGETED_DEVICE_FAMILY = "1,2";
			};
			name = Release;
		};
/* End XCBuildConfiguration section */

/* Begin XCConfigurationList section */
		18D9A6BE22F22BCF0083F5DA /* Build configuration list for PBXProject "ExplorationEZ" */ = {
			isa = XCConfigurationList;
			buildConfigurations = (
				18D9A6D622F22BD00083F5DA /* Debug */,
				18D9A6D722F22BD00083F5DA /* Release */,
			);
			defaultConfigurationIsVisible = 0;
			defaultConfigurationName = Release;
		};
		18D9A6D822F22BD00083F5DA /* Build configuration list for PBXNativeTarget "ExplorationEZ" */ = {
			isa = XCConfigurationList;
			buildConfigurations = (
				18D9A6D922F22BD00083F5DA /* Debug */,
				18D9A6DA22F22BD00083F5DA /* Release */,
			);
			defaultConfigurationIsVisible = 0;
			defaultConfigurationName = Release;
		};
/* End XCConfigurationList section */

/* Begin XCVersionGroup section */
		18D9A6CD22F22BCF0083F5DA /* ExplorationEZ.xcdatamodeld */ = {
			isa = XCVersionGroup;
			children = (
				18D9A6CE22F22BCF0083F5DA /* ExplorationEZ.xcdatamodel */,
			);
			currentVersion = 18D9A6CE22F22BCF0083F5DA /* ExplorationEZ.xcdatamodel */;
			path = ExplorationEZ.xcdatamodeld;
			sourceTree = "<group>";
			versionGroupType = wrapper.xcdatamodel;
		};
/* End XCVersionGroup section */
	};
	rootObject = 18D9A6BB22F22BCF0083F5DA /* Project object */;
}
